
Microsoft Visual Studio Solution File, Format Version 12.00
# Visual Studio Version 16
VisualStudioVersion = 16.0.29123.88
MinimumVisualStudioVersion = 10.0.40219.1
Project("{FAE04EC0-301F-11D3-BF4B-00C04F79EFBC}") = "CoreCrud", "CoreCrud\CoreCrud.csproj", "{12C59F68-0BBA-4366-AEE1-E8DB717AC11A}"
EndProject
Global
	GlobalSection(SolutionConfigurationPlatforms) = preSolution
		Debug|Any CPU = Debug|Any CPU
		Release|Any CPU = Release|Any CPU
	EndGlobalSection
	GlobalSection(ProjectConfigurationPlatforms) = postSolution
		{12C59F68-0BBA-4366-AEE1-E8DB717AC11A}.Debug|Any CPU.ActiveCfg = Debug|Any CPU
		{12C59F68-0BBA-4366-AEE1-E8DB717AC11A}.Debug|Any CPU.Build.0 = Debug|Any CPU
		{12C59F68-0BBA-4366-AEE1-E8DB717AC11A}.Release|Any CPU.ActiveCfg = Release|Any CPU
		{12C59F68-0BBA-4366-AEE1-E8DB717AC11A}.Release|Any CPU.Build.0 = Release|Any CPU
	EndGlobalSection
	GlobalSection(SolutionProperties) = preSolution
		HideSolutionNode = FALSE
	EndGlobalSection
	GlobalSection(ExtensibilityGlobals) = postSolution
		SolutionGuid = {CED864BF-30A2-476A-A524-4DAAA27D12A4}
	EndGlobalSection
EndGlobal
